github.com/writeonlycode/hugo-up-business v0.0.0-20250622175042-a5b8ec127bd7 h1:JVYbCzJndlGUd0adSqOk5CN0xL3xcFuUskUE/2Khh+k=
github.com/writeonlycode/hugo-up-business v0.0.0-20250622175042-a5b8ec127bd7/go.mod h1:c+EMy/gb5IO76dQB9TLueFGAsQHYb3ws1caJvA4W4ks=
github.com/writeonlycode/hugo-up-business v0.0.0-20250624105058-66c0dc8bb171 h1:o8BVEG0xfYn7vWy1N7Dj6phTdWr8hnU1KUFQujoe+ZE=
github.com/writeonlycode/hugo-up-business v0.0.0-20250624105058-66c0dc8bb171/go.mod h1:c+EMy/gb5IO76dQB9TLueFGAsQHYb3ws1caJvA4W4ks=
github.com/writeonlycode/hugo-up-business v0.0.0-20250624121826-b00058c5d11d h1:FfzPhdAn0SgbEu4Ncnqx9MNDrxfAzVDFO3bzzBZTjzc=
github.com/writeonlycode/hugo-up-business v0.0.0-20250624121826-b00058c5d11d/go.mod h1:c+EMy/gb5IO76dQB9TLueFGAsQHYb3ws1caJvA4W4ks=
github.com/writeonlycode/hugo-up-business v0.0.0-20250624225341-cb772eaf53a2 h1:2hRIDThwSlmrst9jnfGjiVzHAp8Zv58RMWm1aBxFyGI=
github.com/writeonlycode/hugo-up-business v0.0.0-20250624225341-cb772eaf53a2/go.mod h1:c+EMy/gb5IO76dQB9TLueFGAsQHYb3ws1caJvA4W4ks=
github.com/writeonlycode/hugo-up-business v0.0.0-20250624225608-fed10b652297 h1:vJ3UcvRJY8uztWVZ1qpM0Gr9/+0eNcaAkq94A4RnMjc=
github.com/writeonlycode/hugo-up-business v0.0.0-20250624225608-fed10b652297/go.mod h1:c+EMy/gb5IO76dQB9TLueFGAsQHYb3ws1caJvA4W4ks=
github.com/writeonlycode/hugo-up-business v0.0.0-20250624225817-0489c5f8d5ff h1:bU1T+XM9w2AwHFLkD5VuiMDHpvSDrWU1K916bE7UK+I=
github.com/writeonlycode/hugo-up-business v0.0.0-20250624225817-0489c5f8d5ff/go.mod h1:c+EMy/gb5IO76dQB9TLueFGAsQHYb3ws1caJvA4W4ks=
